// !$*UTF8*$!
{
	archiveVersion = 1;
	classes = {
	};
	objectVersion = 50;
	objects = {

/* Begin PBXBuildFile section */
		7213F69821A76D2B003A591A /* FSOAuth.m in Sources */ = {isa = PBXBuildFile; fileRef = 7213F69721A76D2B003A591A /* FSOAuth.m */; };
		7213F69B21A7729F003A591A /* AuthService.swift in Sources */ = {isa = PBXBuildFile; fileRef = 7213F69A21A7729F003A591A /* AuthService.swift */; };
		7243AF5F21B82B0D0060DE07 /* TitleLabel.swift in Sources */ = {isa = PBXBuildFile; fileRef = 7243AF5E21B82B0D0060DE07 /* TitleLabel.swift */; };
		724BCD11216E7E7F002F526E /* FSLocation.swift in Sources */ = {isa = PBXBuildFile; fileRef = 724BCD10216E7E7F002F526E /* FSLocation.swift */; };
		72534D3A21F109DA007EC465 /* TestDependencies.swift in Sources */ = {isa = PBXBuildFile; fileRef = 72534D3921F109DA007EC465 /* TestDependencies.swift */; };
		72534D3C21F10A2F007EC465 /* Protocols.swift in Sources */ = {isa = PBXBuildFile; fileRef = 72534D3B21F10A2F007EC465 /* Protocols.swift */; };
		72534D3E21F10A95007EC465 /* AuthServiceStub.swift in Sources */ = {isa = PBXBuildFile; fileRef = 72534D3D21F10A95007EC465 /* AuthServiceStub.swift */; };
		72534D4021F10AB7007EC465 /* APIServiceStub.swift in Sources */ = {isa = PBXBuildFile; fileRef = 72534D3F21F10AB7007EC465 /* APIServiceStub.swift */; };
		72587F5D21B9806200EA7B03 /* CollectionView.swift in Sources */ = {isa = PBXBuildFile; fileRef = 72587F5C21B9806200EA7B03 /* CollectionView.swift */; };
		726547CE21AE8FCB00F4DD77 /* Commons.swift in Sources */ = {isa = PBXBuildFile; fileRef = 726547CD21AE8FCB00F4DD77 /* Commons.swift */; };
		729C490B21A8CF5E0071903F /* RxCocoa.framework in Frameworks */ = {isa = PBXBuildFile; fileRef = 729C490921A8CF5E0071903F /* RxCocoa.framework */; };
		729C490C21A8CF5E0071903F /* RxSwift.framework in Frameworks */ = {isa = PBXBuildFile; fileRef = 729C490A21A8CF5E0071903F /* RxSwift.framework */; };
		72AF5675216B5FC300102EA8 /* AppDelegate.swift in Sources */ = {isa = PBXBuildFile; fileRef = 72AF5674216B5FC300102EA8 /* AppDelegate.swift */; };
		72AF5677216B5FC300102EA8 /* HomeViewController.swift in Sources */ = {isa = PBXBuildFile; fileRef = 72AF5676216B5FC300102EA8 /* HomeViewController.swift */; };
		72AF567A216B5FC300102EA8 /* Main.storyboard in Resources */ = {isa = PBXBuildFile; fileRef = 72AF5678216B5FC300102EA8 /* Main.storyboard */; };
		72AF567F216B5FC400102EA8 /* LaunchScreen.storyboard in Resources */ = {isa = PBXBuildFile; fileRef = 72AF567D216B5FC400102EA8 /* LaunchScreen.storyboard */; };
		72AF5687216B635300102EA8 /* APIService.swift in Sources */ = {isa = PBXBuildFile; fileRef = 72AF5686216B635300102EA8 /* APIService.swift */; };
		72AF5689216B662F00102EA8 /* Endpoint.swift in Sources */ = {isa = PBXBuildFile; fileRef = 72AF5688216B662F00102EA8 /* Endpoint.swift */; };
		72C4E6A221ADB49F009FB99C /* VenueCell.swift in Sources */ = {isa = PBXBuildFile; fileRef = 72C4E6A121ADB49F009FB99C /* VenueCell.swift */; };
		72C4E6A421ADBB64009FB99C /* Extensions.swift in Sources */ = {isa = PBXBuildFile; fileRef = 72C4E6A321ADBB64009FB99C /* Extensions.swift */; };
		72C4E6A621ADD19E009FB99C /* VenueCellModel.swift in Sources */ = {isa = PBXBuildFile; fileRef = 72C4E6A521ADD19E009FB99C /* VenueCellModel.swift */; };
		72C4E6A821ADE4C6009FB99C /* Assets.xcassets in Resources */ = {isa = PBXBuildFile; fileRef = 72C4E6A721ADE4C6009FB99C /* Assets.xcassets */; };
		72C4E6AA21ADE714009FB99C /* CacheManager.swift in Sources */ = {isa = PBXBuildFile; fileRef = 72C4E6A921ADE714009FB99C /* CacheManager.swift */; };
		72C4E6AC21ADE822009FB99C /* DependencyAssembler.swift in Sources */ = {isa = PBXBuildFile; fileRef = 72C4E6AB21ADE822009FB99C /* DependencyAssembler.swift */; };
		72CE8CDB21BF11AD0007B085 /* AnnotationView.swift in Sources */ = {isa = PBXBuildFile; fileRef = 72CE8CDA21BF11AD0007B085 /* AnnotationView.swift */; };
		72CE8CDD21BF34AF0007B085 /* PointAnnotation.swift in Sources */ = {isa = PBXBuildFile; fileRef = 72CE8CDC21BF34AF0007B085 /* PointAnnotation.swift */; };
		72D223092177B167003C04F6 /* FSItem.swift in Sources */ = {isa = PBXBuildFile; fileRef = 72D223082177B167003C04F6 /* FSItem.swift */; };
		72D2230D2177B1BD003C04F6 /* FSGroup.swift in Sources */ = {isa = PBXBuildFile; fileRef = 72D2230C2177B1BD003C04F6 /* FSGroup.swift */; };
		72D2230F2177B23D003C04F6 /* FSPhoto.swift in Sources */ = {isa = PBXBuildFile; fileRef = 72D2230E2177B23D003C04F6 /* FSPhoto.swift */; };
		72D223112177B325003C04F6 /* FSDetails.swift in Sources */ = {isa = PBXBuildFile; fileRef = 72D223102177B325003C04F6 /* FSDetails.swift */; };
		72D223132177B35D003C04F6 /* FSResponse.swift in Sources */ = {isa = PBXBuildFile; fileRef = 72D223122177B35D003C04F6 /* FSResponse.swift */; };
		72D223152177B370003C04F6 /* FSVenue.swift in Sources */ = {isa = PBXBuildFile; fileRef = 72D223142177B370003C04F6 /* FSVenue.swift */; };
		72D223192177B9D7003C04F6 /* FSIdentifier.swift in Sources */ = {isa = PBXBuildFile; fileRef = 72D223182177B9D7003C04F6 /* FSIdentifier.swift */; };
		72D62DC821AA1A3900FF4BD9 /* MapView.swift in Sources */ = {isa = PBXBuildFile; fileRef = 72D62DC721AA1A3900FF4BD9 /* MapView.swift */; };
		72D62DCA21AA1AC600FF4BD9 /* GradientView.swift in Sources */ = {isa = PBXBuildFile; fileRef = 72D62DC921AA1AC600FF4BD9 /* GradientView.swift */; };
		72E572BE21A9B09D009F1278 /* HomeViewModel.swift in Sources */ = {isa = PBXBuildFile; fileRef = 72E572BD21A9B09D009F1278 /* HomeViewModel.swift */; };
		72E572C021A9C786009F1278 /* Constants.swift in Sources */ = {isa = PBXBuildFile; fileRef = 72E572BF21A9C786009F1278 /* Constants.swift */; };
		72E572C221A9CE2B009F1278 /* MainDependencies.swift in Sources */ = {isa = PBXBuildFile; fileRef = 72E572C121A9CE2B009F1278 /* MainDependencies.swift */; };
/* End PBXBuildFile section */

/* Begin PBXFileReference section */
		7213F69521A76D2A003A591A /* burgershop-finder-Bridging-Header.h */ = {isa = PBXFileReference; lastKnownFileType = sourcecode.c.h; path = "burgershop-finder-Bridging-Header.h"; sourceTree = "<group>"; };
		7213F69621A76D2B003A591A /* FSOAuth.h */ = {isa = PBXFileReference; fileEncoding = 4; lastKnownFileType = sourcecode.c.h; path = FSOAuth.h; sourceTree = "<group>"; };
		7213F69721A76D2B003A591A /* FSOAuth.m */ = {isa = PBXFileReference; fileEncoding = 4; lastKnownFileType = sourcecode.c.objc; path = FSOAuth.m; sourceTree = "<group>"; };
		7213F69A21A7729F003A591A /* AuthService.swift */ = {isa = PBXFileReference; lastKnownFileType = sourcecode.swift; path = AuthService.swift; sourceTree = "<group>"; };
		7243AF5E21B82B0D0060DE07 /* TitleLabel.swift */ = {isa = PBXFileReference; lastKnownFileType = sourcecode.swift; path = TitleLabel.swift; sourceTree = "<group>"; };
		724BCD10216E7E7F002F526E /* FSLocation.swift */ = {isa = PBXFileReference; lastKnownFileType = sourcecode.swift; path = FSLocation.swift; sourceTree = "<group>"; };
		72534D3921F109DA007EC465 /* TestDependencies.swift */ = {isa = PBXFileReference; lastKnownFileType = sourcecode.swift; path = TestDependencies.swift; sourceTree = "<group>"; };
		72534D3B21F10A2F007EC465 /* Protocols.swift */ = {isa = PBXFileReference; lastKnownFileType = sourcecode.swift; path = Protocols.swift; sourceTree = "<group>"; };
		72534D3D21F10A95007EC465 /* AuthServiceStub.swift */ = {isa = PBXFileReference; lastKnownFileType = sourcecode.swift; path = AuthServiceStub.swift; sourceTree = "<group>"; };
		72534D3F21F10AB7007EC465 /* APIServiceStub.swift */ = {isa = PBXFileReference; lastKnownFileType = sourcecode.swift; path = APIServiceStub.swift; sourceTree = "<group>"; };
		72587F5C21B9806200EA7B03 /* CollectionView.swift */ = {isa = PBXFileReference; lastKnownFileType = sourcecode.swift; path = CollectionView.swift; sourceTree = "<group>"; };
		726547CD21AE8FCB00F4DD77 /* Commons.swift */ = {isa = PBXFileReference; lastKnownFileType = sourcecode.swift; path = Commons.swift; sourceTree = "<group>"; };
		729C490921A8CF5E0071903F /* RxCocoa.framework */ = {isa = PBXFileReference; lastKnownFileType = wrapper.framework; name = RxCocoa.framework; path = Carthage/Build/iOS/RxCocoa.framework; sourceTree = "<group>"; };
		729C490A21A8CF5E0071903F /* RxSwift.framework */ = {isa = PBXFileReference; lastKnownFileType = wrapper.framework; name = RxSwift.framework; path = Carthage/Build/iOS/RxSwift.framework; sourceTree = "<group>"; };
		72AF5671216B5FC300102EA8 /* burgershop-finder.app */ = {isa = PBXFileReference; explicitFileType = wrapper.application; includeInIndex = 0; path = "burgershop-finder.app"; sourceTree = BUILT_PRODUCTS_DIR; };
		72AF5674216B5FC300102EA8 /* AppDelegate.swift */ = {isa = PBXFileReference; lastKnownFileType = sourcecode.swift; path = AppDelegate.swift; sourceTree = "<group>"; };
		72AF5676216B5FC300102EA8 /* HomeViewController.swift */ = {isa = PBXFileReference; lastKnownFileType = sourcecode.swift; path = HomeViewController.swift; sourceTree = "<group>"; };
		72AF5679216B5FC300102EA8 /* Base */ = {isa = PBXFileReference; lastKnownFileType = file.storyboard; name = Base; path = Base.lproj/Main.storyboard; sourceTree = "<group>"; };
		72AF567E216B5FC400102EA8 /* Base */ = {isa = PBXFileReference; lastKnownFileType = file.storyboard; name = Base; path = Base.lproj/LaunchScreen.storyboard; sourceTree = "<group>"; };
		72AF5680216B5FC400102EA8 /* Info.plist */ = {isa = PBXFileReference; lastKnownFileType = text.plist.xml; path = Info.plist; sourceTree = "<group>"; };
		72AF5686216B635300102EA8 /* APIService.swift */ = {isa = PBXFileReference; lastKnownFileType = sourcecode.swift; path = APIService.swift; sourceTree = "<group>"; };
		72AF5688216B662F00102EA8 /* Endpoint.swift */ = {isa = PBXFileReference; lastKnownFileType = sourcecode.swift; path = Endpoint.swift; sourceTree = "<group>"; };
		72C4E6A121ADB49F009FB99C /* VenueCell.swift */ = {isa = PBXFileReference; lastKnownFileType = sourcecode.swift; path = VenueCell.swift; sourceTree = "<group>"; };
		72C4E6A321ADBB64009FB99C /* Extensions.swift */ = {isa = PBXFileReference; lastKnownFileType = sourcecode.swift; path = Extensions.swift; sourceTree = "<group>"; };
		72C4E6A521ADD19E009FB99C /* VenueCellModel.swift */ = {isa = PBXFileReference; lastKnownFileType = sourcecode.swift; path = VenueCellModel.swift; sourceTree = "<group>"; };
		72C4E6A721ADE4C6009FB99C /* Assets.xcassets */ = {isa = PBXFileReference; lastKnownFileType = folder.assetcatalog; path = Assets.xcassets; sourceTree = "<group>"; };
		72C4E6A921ADE714009FB99C /* CacheManager.swift */ = {isa = PBXFileReference; lastKnownFileType = sourcecode.swift; path = CacheManager.swift; sourceTree = "<group>"; };
		72C4E6AB21ADE822009FB99C /* DependencyAssembler.swift */ = {isa = PBXFileReference; lastKnownFileType = sourcecode.swift; path = DependencyAssembler.swift; sourceTree = "<group>"; };
		72CE8CDA21BF11AD0007B085 /* AnnotationView.swift */ = {isa = PBXFileReference; lastKnownFileType = sourcecode.swift; path = AnnotationView.swift; sourceTree = "<group>"; };
		72CE8CDC21BF34AF0007B085 /* PointAnnotation.swift */ = {isa = PBXFileReference; lastKnownFileType = sourcecode.swift; path = PointAnnotation.swift; sourceTree = "<group>"; };
		72D223082177B167003C04F6 /* FSItem.swift */ = {isa = PBXFileReference; lastKnownFileType = sourcecode.swift; path = FSItem.swift; sourceTree = "<group>"; };
		72D2230C2177B1BD003C04F6 /* FSGroup.swift */ = {isa = PBXFileReference; lastKnownFileType = sourcecode.swift; path = FSGroup.swift; sourceTree = "<group>"; };
		72D2230E2177B23D003C04F6 /* FSPhoto.swift */ = {isa = PBXFileReference; lastKnownFileType = sourcecode.swift; path = FSPhoto.swift; sourceTree = "<group>"; };
		72D223102177B325003C04F6 /* FSDetails.swift */ = {isa = PBXFileReference; lastKnownFileType = sourcecode.swift; path = FSDetails.swift; sourceTree = "<group>"; };
		72D223122177B35D003C04F6 /* FSResponse.swift */ = {isa = PBXFileReference; lastKnownFileType = sourcecode.swift; path = FSResponse.swift; sourceTree = "<group>"; };
		72D223142177B370003C04F6 /* FSVenue.swift */ = {isa = PBXFileReference; lastKnownFileType = sourcecode.swift; path = FSVenue.swift; sourceTree = "<group>"; };
		72D223182177B9D7003C04F6 /* FSIdentifier.swift */ = {isa = PBXFileReference; lastKnownFileType = sourcecode.swift; path = FSIdentifier.swift; sourceTree = "<group>"; };
		72D62DC721AA1A3900FF4BD9 /* MapView.swift */ = {isa = PBXFileReference; lastKnownFileType = sourcecode.swift; path = MapView.swift; sourceTree = "<group>"; };
		72D62DC921AA1AC600FF4BD9 /* GradientView.swift */ = {isa = PBXFileReference; lastKnownFileType = sourcecode.swift; path = GradientView.swift; sourceTree = "<group>"; };
		72E572BD21A9B09D009F1278 /* HomeViewModel.swift */ = {isa = PBXFileReference; lastKnownFileType = sourcecode.swift; path = HomeViewModel.swift; sourceTree = "<group>"; };
		72E572BF21A9C786009F1278 /* Constants.swift */ = {isa = PBXFileReference; lastKnownFileType = sourcecode.swift; path = Constants.swift; sourceTree = "<group>"; };
		72E572C121A9CE2B009F1278 /* MainDependencies.swift */ = {isa = PBXFileReference; lastKnownFileType = sourcecode.swift; path = MainDependencies.swift; sourceTree = "<group>"; };
/* End PBXFileReference section */

/* Begin PBXFrameworksBuildPhase section */
		72AF566E216B5FC300102EA8 /* Frameworks */ = {
			isa = PBXFrameworksBuildPhase;
			buildActionMask = 2147483647;
			files = (
				729C490B21A8CF5E0071903F /* RxCocoa.framework in Frameworks */,
				729C490C21A8CF5E0071903F /* RxSwift.framework in Frameworks */,
			);
			runOnlyForDeploymentPostprocessing = 0;
		};
/* End PBXFrameworksBuildPhase section */

/* Begin PBXGroup section */
		7213F69921A76D8A003A591A /* FSOAuth */ = {
			isa = PBXGroup;
			children = (
				7213F69721A76D2B003A591A /* FSOAuth.m */,
				7213F69621A76D2B003A591A /* FSOAuth.h */,
				7213F69521A76D2A003A591A /* burgershop-finder-Bridging-Header.h */,
			);
			path = FSOAuth;
			sourceTree = "<group>";
		};
		7243AF6021B82B160060DE07 /* UI */ = {
			isa = PBXGroup;
			children = (
				726547CD21AE8FCB00F4DD77 /* Commons.swift */,
				7243AF5E21B82B0D0060DE07 /* TitleLabel.swift */,
				72D62DC721AA1A3900FF4BD9 /* MapView.swift */,
				72CE8CDA21BF11AD0007B085 /* AnnotationView.swift */,
				72D62DC921AA1AC600FF4BD9 /* GradientView.swift */,
				72587F5C21B9806200EA7B03 /* CollectionView.swift */,
			);
			path = UI;
			sourceTree = "<group>";
		};
		724BCD13216E7E93002F526E /* Model */ = {
			isa = PBXGroup;
			children = (
				72D223182177B9D7003C04F6 /* FSIdentifier.swift */,
				72D223102177B325003C04F6 /* FSDetails.swift */,
				72D223122177B35D003C04F6 /* FSResponse.swift */,
				72D223142177B370003C04F6 /* FSVenue.swift */,
				724BCD10216E7E7F002F526E /* FSLocation.swift */,
				72D2230E2177B23D003C04F6 /* FSPhoto.swift */,
				72D2230C2177B1BD003C04F6 /* FSGroup.swift */,
				72D223082177B167003C04F6 /* FSItem.swift */,
			);
			path = Model;
			sourceTree = "<group>";
		};
		724BCD14216E7EB3002F526E /* Dependencies */ = {
			isa = PBXGroup;
			children = (
				72534D3B21F10A2F007EC465 /* Protocols.swift */,
				72C4E6AB21ADE822009FB99C /* DependencyAssembler.swift */,
				72E572C121A9CE2B009F1278 /* MainDependencies.swift */,
				7213F69A21A7729F003A591A /* AuthService.swift */,
				72AF5686216B635300102EA8 /* APIService.swift */,
				72AF5688216B662F00102EA8 /* Endpoint.swift */,
				72534D4121F11C97007EC465 /* Test */,
				724BCD13216E7E93002F526E /* Model */,
			);
			path = Dependencies;
			sourceTree = "<group>";
		};
		72534D4121F11C97007EC465 /* Test */ = {
			isa = PBXGroup;
			children = (
				72534D3921F109DA007EC465 /* TestDependencies.swift */,
				72534D3D21F10A95007EC465 /* AuthServiceStub.swift */,
				72534D3F21F10AB7007EC465 /* APIServiceStub.swift */,
			);
			path = Test;
			sourceTree = "<group>";
		};
		729C490821A8CF5E0071903F /* Frameworks */ = {
			isa = PBXGroup;
			children = (
				729C490921A8CF5E0071903F /* RxCocoa.framework */,
				729C490A21A8CF5E0071903F /* RxSwift.framework */,
			);
			name = Frameworks;
			sourceTree = "<group>";
		};
		72AF5668216B5FC300102EA8 = {
			isa = PBXGroup;
			children = (
				72AF5673216B5FC300102EA8 /* burgershop-finder */,
				72AF5672216B5FC300102EA8 /* Products */,
				729C490821A8CF5E0071903F /* Frameworks */,
			);
			sourceTree = "<group>";
		};
		72AF5672216B5FC300102EA8 /* Products */ = {
			isa = PBXGroup;
			children = (
				72AF5671216B5FC300102EA8 /* burgershop-finder.app */,
			);
			name = Products;
			sourceTree = "<group>";
		};
		72AF5673216B5FC300102EA8 /* burgershop-finder */ = {
			isa = PBXGroup;
			children = (
				7243AF6021B82B160060DE07 /* UI */,
				7213F69921A76D8A003A591A /* FSOAuth */,
				724BCD14216E7EB3002F526E /* Dependencies */,
				72E572BD21A9B09D009F1278 /* HomeViewModel.swift */,
				72AF5676216B5FC300102EA8 /* HomeViewController.swift */,
				72C4E6A521ADD19E009FB99C /* VenueCellModel.swift */,
				72C4E6A121ADB49F009FB99C /* VenueCell.swift */,
				72C4E6A921ADE714009FB99C /* CacheManager.swift */,
				72E572BF21A9C786009F1278 /* Constants.swift */,
				72C4E6A321ADBB64009FB99C /* Extensions.swift */,
				72CE8CDC21BF34AF0007B085 /* PointAnnotation.swift */,
				72AF5674216B5FC300102EA8 /* AppDelegate.swift */,
				72AF5678216B5FC300102EA8 /* Main.storyboard */,
				72AF567D216B5FC400102EA8 /* LaunchScreen.storyboard */,
				72AF5680216B5FC400102EA8 /* Info.plist */,
				72C4E6A721ADE4C6009FB99C /* Assets.xcassets */,
			);
			path = "burgershop-finder";
			sourceTree = "<group>";
		};
/* End PBXGroup section */

/* Begin PBXNativeTarget section */
		72AF5670216B5FC300102EA8 /* burgershop-finder */ = {
			isa = PBXNativeTarget;
			buildConfigurationList = 72AF5683216B5FC400102EA8 /* Build configuration list for PBXNativeTarget "burgershop-finder" */;
			buildPhases = (
				72AF566D216B5FC300102EA8 /* Sources */,
				72AF566E216B5FC300102EA8 /* Frameworks */,
				72AF566F216B5FC300102EA8 /* Resources */,
				729C490E21A8CF7D0071903F /* ShellScript */,
			);
			buildRules = (
			);
			dependencies = (
			);
			name = "burgershop-finder";
			productName = "burgershop-finder";
			productReference = 72AF5671216B5FC300102EA8 /* burgershop-finder.app */;
			productType = "com.apple.product-type.application";
		};
/* End PBXNativeTarget section */

/* Begin PBXProject section */
		72AF5669216B5FC300102EA8 /* Project object */ = {
			isa = PBXProject;
			attributes = {
				LastSwiftUpdateCheck = 1000;
				LastUpgradeCheck = 1000;
				ORGANIZATIONNAME = esesmuedgars;
				TargetAttributes = {
					72AF5670216B5FC300102EA8 = {
						CreatedOnToolsVersion = 10.0;
						LastSwiftMigration = 1010;
					};
				};
			};
			buildConfigurationList = 72AF566C216B5FC300102EA8 /* Build configuration list for PBXProject "burgershop-finder" */;
			compatibilityVersion = "Xcode 9.3";
			developmentRegion = en;
			hasScannedForEncodings = 0;
			knownRegions = (
				en,
				Base,
			);
			mainGroup = 72AF5668216B5FC300102EA8;
			productRefGroup = 72AF5672216B5FC300102EA8 /* Products */;
			projectDirPath = "";
			projectRoot = "";
			targets = (
				72AF5670216B5FC300102EA8 /* burgershop-finder */,
			);
		};
/* End PBXProject section */

/* Begin PBXResourcesBuildPhase section */
		72AF566F216B5FC300102EA8 /* Resources */ = {
			isa = PBXResourcesBuildPhase;
			buildActionMask = 2147483647;
			files = (
				72AF567F216B5FC400102EA8 /* LaunchScreen.storyboard in Resources */,
				72C4E6A821ADE4C6009FB99C /* Assets.xcassets in Resources */,
				72AF567A216B5FC300102EA8 /* Main.storyboard in Resources */,
			);
			runOnlyForDeploymentPostprocessing = 0;
		};
/* End PBXResourcesBuildPhase section */

/* Begin PBXShellScriptBuildPhase section */
		729C490E21A8CF7D0071903F /* ShellScript */ = {
			isa = PBXShellScriptBuildPhase;
			buildActionMask = 2147483647;
			files = (
			);
			inputFileListPaths = (
			);
			inputPaths = (
				"$(SRCROOT)/Carthage/Build/iOS/RxSwift.framework",
				"$(SRCROOT)/Carthage/Build/iOS/RxCocoa.framework",
			);
			outputFileListPaths = (
			);
			outputPaths = (
				"$(BUILT_PRODUCTS_DIR)/$(FRAMEWORKS_FOLDER_PATH)/RxSwift.framework",
				"$(BUILT_PRODUCTS_DIR)/$(FRAMEWORKS_FOLDER_PATH)/RxCocoa.framework",
			);
			runOnlyForDeploymentPostprocessing = 0;
			shellPath = /bin/sh;
			shellScript = "/usr/local/bin/carthage copy-frameworks\n";
		};
/* End PBXShellScriptBuildPhase section */

/* Begin PBXSourcesBuildPhase section */
		72AF566D216B5FC300102EA8 /* Sources */ = {
			isa = PBXSourcesBuildPhase;
			buildActionMask = 2147483647;
			files = (
				72AF5677216B5FC300102EA8 /* HomeViewController.swift in Sources */,
				72D223112177B325003C04F6 /* FSDetails.swift in Sources */,
				72D2230D2177B1BD003C04F6 /* FSGroup.swift in Sources */,
				72E572C221A9CE2B009F1278 /* MainDependencies.swift in Sources */,
				72E572BE21A9B09D009F1278 /* HomeViewModel.swift in Sources */,
				72D223192177B9D7003C04F6 /* FSIdentifier.swift in Sources */,
				72C4E6AA21ADE714009FB99C /* CacheManager.swift in Sources */,
				7213F69B21A7729F003A591A /* AuthService.swift in Sources */,
				72D62DC821AA1A3900FF4BD9 /* MapView.swift in Sources */,
				72C4E6AC21ADE822009FB99C /* DependencyAssembler.swift in Sources */,
				72CE8CDD21BF34AF0007B085 /* PointAnnotation.swift in Sources */,
				724BCD11216E7E7F002F526E /* FSLocation.swift in Sources */,
				72C4E6A221ADB49F009FB99C /* VenueCell.swift in Sources */,
				72C4E6A421ADBB64009FB99C /* Extensions.swift in Sources */,
				726547CE21AE8FCB00F4DD77 /* Commons.swift in Sources */,
				72E572C021A9C786009F1278 /* Constants.swift in Sources */,
				72AF5687216B635300102EA8 /* APIService.swift in Sources */,
				72C4E6A621ADD19E009FB99C /* VenueCellModel.swift in Sources */,
				72CE8CDB21BF11AD0007B085 /* AnnotationView.swift in Sources */,
				72D223132177B35D003C04F6 /* FSResponse.swift in Sources */,
				72534D3A21F109DA007EC465 /* TestDependencies.swift in Sources */,
				72587F5D21B9806200EA7B03 /* CollectionView.swift in Sources */,
				7243AF5F21B82B0D0060DE07 /* TitleLabel.swift in Sources */,
				72534D4021F10AB7007EC465 /* APIServiceStub.swift in Sources */,
				72AF5689216B662F00102EA8 /* Endpoint.swift in Sources */,
				72D2230F2177B23D003C04F6 /* FSPhoto.swift in Sources */,
				72D223092177B167003C04F6 /* FSItem.swift in Sources */,
				72D62DCA21AA1AC600FF4BD9 /* GradientView.swift in Sources */,
				72534D3E21F10A95007EC465 /* AuthServiceStub.swift in Sources */,
				72AF5675216B5FC300102EA8 /* AppDelegate.swift in Sources */,
				72D223152177B370003C04F6 /* FSVenue.swift in Sources */,
				7213F69821A76D2B003A591A /* FSOAuth.m in Sources */,
				72534D3C21F10A2F007EC465 /* Protocols.swift in Sources */,
			);
			runOnlyForDeploymentPostprocessing = 0;
		};
/* End PBXSourcesBuildPhase section */

/* Begin PBXVariantGroup section */
		72AF5678216B5FC300102EA8 /* Main.storyboard */ = {
			isa = PBXVariantGroup;
			children = (
				72AF5679216B5FC300102EA8 /* Base */,
			);
			name = Main.storyboard;
			sourceTree = "<group>";
		};
		72AF567D216B5FC400102EA8 /* LaunchScreen.storyboard */ = {
			isa = PBXVariantGroup;
			children = (
				72AF567E216B5FC400102EA8 /* Base */,
			);
			name = LaunchScreen.storyboard;
			sourceTree = "<group>";
		};
/* End PBXVariantGroup section */

/* Begin XCBuildConfiguration section */
		72AF5681216B5FC400102EA8 /* Debug */ = {
			isa = XCBuildConfiguration;
			buildSettings = {
				ALWAYS_SEARCH_USER_PATHS = NO;
				CLANG_ANALYZER_NONNULL = YES;
				CLANG_ANALYZER_NUMBER_OBJECT_CONVERSION = YES_AGGRESSIVE;
				CLANG_CXX_LANGUAGE_STANDARD = "gnu++14";
				CLANG_CXX_LIBRARY = "libc++";
				CLANG_ENABLE_MODULES = YES;
				CLANG_ENABLE_OBJC_ARC = YES;
				CLANG_ENABLE_OBJC_WEAK = YES;
				CLANG_WARN_BLOCK_CAPTURE_AUTORELEASING = YES;
				CLANG_WARN_BOOL_CONVERSION = YES;
				CLANG_WARN_COMMA = YES;
				CLANG_WARN_CONSTANT_CONVERSION = YES;
				CLANG_WARN_DEPRECATED_OBJC_IMPLEMENTATIONS = YES;
				CLANG_WARN_DIRECT_OBJC_ISA_USAGE = YES_ERROR;
				CLANG_WARN_DOCUMENTATION_COMMENTS = YES;
				CLANG_WARN_EMPTY_BODY = YES;
				CLANG_WARN_ENUM_CONVERSION = YES;
				CLANG_WARN_INFINITE_RECURSION = YES;
				CLANG_WARN_INT_CONVERSION = YES;
				CLANG_WARN_NON_LITERAL_NULL_CONVERSION = YES;
				CLANG_WARN_OBJC_IMPLICIT_RETAIN_SELF = YES;
				CLANG_WARN_OBJC_LITERAL_CONVERSION = YES;
				CLANG_WARN_OBJC_ROOT_CLASS = YES_ERROR;
				CLANG_WARN_RANGE_LOOP_ANALYSIS = YES;
				CLANG_WARN_STRICT_PROTOTYPES = YES;
				CLANG_WARN_SUSPICIOUS_MOVE = YES;
				CLANG_WARN_UNGUARDED_AVAILABILITY = YES_AGGRESSIVE;
				CLANG_WARN_UNREACHABLE_CODE = YES;
				CLANG_WARN__DUPLICATE_METHOD_MATCH = YES;
				CODE_SIGN_IDENTITY = "iPhone Developer";
				COPY_PHASE_STRIP = NO;
				DEBUG_INFORMATION_FORMAT = dwarf;
				ENABLE_STRICT_OBJC_MSGSEND = YES;
				ENABLE_TESTABILITY = YES;
				GCC_C_LANGUAGE_STANDARD = gnu11;
				GCC_DYNAMIC_NO_PIC = NO;
				GCC_NO_COMMON_BLOCKS = YES;
				GCC_OPTIMIZATION_LEVEL = 0;
				GCC_PREPROCESSOR_DEFINITIONS = (
					"DEBUG=1",
					"$(inherited)",
				);
				GCC_WARN_64_TO_32_BIT_CONVERSION = YES;
				GCC_WARN_ABOUT_RETURN_TYPE = YES_ERROR;
				GCC_WARN_UNDECLARED_SELECTOR = YES;
				GCC_WARN_UNINITIALIZED_AUTOS = YES_AGGRESSIVE;
				GCC_WARN_UNUSED_FUNCTION = YES;
				GCC_WARN_UNUSED_VARIABLE = YES;
				IPHONEOS_DEPLOYMENT_TARGET = 12.0;
				MTL_ENABLE_DEBUG_INFO = INCLUDE_SOURCE;
				MTL_FAST_MATH = YES;
				ONLY_ACTIVE_ARCH = YES;
				SDKROOT = iphoneos;
				SWIFT_ACTIVE_COMPILATION_CONDITIONS = DEBUG;
				SWIFT_OPTIMIZATION_LEVEL = "-Onone";
			};
			name = Debug;
		};
		72AF5682216B5FC400102EA8 /* Release */ = {
			isa = XCBuildConfiguration;
			buildSettings = {
				ALWAYS_SEARCH_USER_PATHS = NO;
				CLANG_ANALYZER_NONNULL = YES;
				CLANG_ANALYZER_NUMBER_OBJECT_CONVERSION = YES_AGGRESSIVE;
				CLANG_CXX_LANGUAGE_STANDARD = "gnu++14";
				CLANG_CXX_LIBRARY = "libc++";
				CLANG_ENABLE_MODULES = YES;
				CLANG_ENABLE_OBJC_ARC = YES;
				CLANG_ENABLE_OBJC_WEAK = YES;
				CLANG_WARN_BLOCK_CAPTURE_AUTORELEASING = YES;
				CLANG_WARN_BOOL_CONVERSION = YES;
				CLANG_WARN_COMMA = YES;
				CLANG_WARN_CONSTANT_CONVERSION = YES;
				CLANG_WARN_DEPRECATED_OBJC_IMPLEMENTATIONS = YES;
				CLANG_WARN_DIRECT_OBJC_ISA_USAGE = YES_ERROR;
				CLANG_WARN_DOCUMENTATION_COMMENTS = YES;
				CLANG_WARN_EMPTY_BODY = YES;
				CLANG_WARN_ENUM_CONVERSION = YES;
				CLANG_WARN_INFINITE_RECURSION = YES;
				CLANG_WARN_INT_CONVERSION = YES;
				CLANG_WARN_NON_LITERAL_NULL_CONVERSION = YES;
				CLANG_WARN_OBJC_IMPLICIT_RETAIN_SELF = YES;
				CLANG_WARN_OBJC_LITERAL_CONVERSION = YES;
				CLANG_WARN_OBJC_ROOT_CLASS = YES_ERROR;
				CLANG_WARN_RANGE_LOOP_ANALYSIS = YES;
				CLANG_WARN_STRICT_PROTOTYPES = YES;
				CLANG_WARN_SUSPICIOUS_MOVE = YES;
				CLANG_WARN_UNGUARDED_AVAILABILITY = YES_AGGRESSIVE;
				CLANG_WARN_UNREACHABLE_CODE = YES;
				CLANG_WARN__DUPLICATE_METHOD_MATCH = YES;
				CODE_SIGN_IDENTITY = "iPhone Developer";
				COPY_PHASE_STRIP = NO;
				DEBUG_INFORMATION_FORMAT = "dwarf-with-dsym";
				ENABLE_NS_ASSERTIONS = NO;
				ENABLE_STRICT_OBJC_MSGSEND = YES;
				GCC_C_LANGUAGE_STANDARD = gnu11;
				GCC_NO_COMMON_BLOCKS = YES;
				GCC_WARN_64_TO_32_BIT_CONVERSION = YES;
				GCC_WARN_ABOUT_RETURN_TYPE = YES_ERROR;
				GCC_WARN_UNDECLARED_SELECTOR = YES;
				GCC_WARN_UNINITIALIZED_AUTOS = YES_AGGRESSIVE;
				GCC_WARN_UNUSED_FUNCTION = YES;
				GCC_WARN_UNUSED_VARIABLE = YES;
				IPHONEOS_DEPLOYMENT_TARGET = 12.0;
				MTL_ENABLE_DEBUG_INFO = NO;
				MTL_FAST_MATH = YES;
				SDKROOT = iphoneos;
				SWIFT_COMPILATION_MODE = wholemodule;
				SWIFT_OPTIMIZATION_LEVEL = "-O";
				VALIDATE_PRODUCT = YES;
			};
			name = Release;
		};
		72AF5684216B5FC400102EA8 /* Debug */ = {
			isa = XCBuildConfiguration;
			buildSettings = {
				ASSETCATALOG_COMPILER_APPICON_NAME = AppIcon;
				CLANG_ENABLE_MODULES = YES;
				CODE_SIGN_STYLE = Automatic;
				DEVELOPMENT_TEAM = RB8S8SFW6F;
				FRAMEWORK_SEARCH_PATHS = (
					"$(inherited)",
					"$(PROJECT_DIR)/Carthage/Build/iOS",
				);
				INFOPLIST_FILE = "burgershop-finder/Info.plist";
				LD_RUNPATH_SEARCH_PATHS = (
					"$(inherited)",
					"@executable_path/Frameworks",
				);
				PRODUCT_BUNDLE_IDENTIFIER = "app.esesmuedgars.burgershop-finder";
				PRODUCT_NAME = "$(TARGET_NAME)";
				SWIFT_OBJC_BRIDGING_HEADER = "burgershop-finder/FSOAuth/burgershop-finder-Bridging-Header.h";
				SWIFT_OPTIMIZATION_LEVEL = "-Onone";
				SWIFT_VERSION = 4.2;
				TARGETED_DEVICE_FAMILY = "1,2";
			};
			name = Debug;
		};
		72AF5685216B5FC400102EA8 /* Release */ = {
			isa = XCBuildConfiguration;
			buildSettings = {
				ASSETCATALOG_COMPILER_APPICON_NAME = AppIcon;
				CLANG_ENABLE_MODULES = YES;
				CODE_SIGN_STYLE = Automatic;
				DEVELOPMENT_TEAM = RB8S8SFW6F;
				FRAMEWORK_SEARCH_PATHS = (
					"$(inherited)",
					"$(PROJECT_DIR)/Carthage/Build/iOS",
				);
				INFOPLIST_FILE = "burgershop-finder/Info.plist";
				LD_RUNPATH_SEARCH_PATHS = (
					"$(inherited)",
					"@executable_path/Frameworks",
				);
				PRODUCT_BUNDLE_IDENTIFIER = "app.esesmuedgars.burgershop-finder";
				PRODUCT_NAME = "$(TARGET_NAME)";
				SWIFT_OBJC_BRIDGING_HEADER = "burgershop-finder/FSOAuth/burgershop-finder-Bridging-Header.h";
				SWIFT_VERSION = 4.2;
				TARGETED_DEVICE_FAMILY = "1,2";
			};
			name = Release;
		};
/* End XCBuildConfiguration section */

/* Begin XCConfigurationList section */
		72AF566C216B5FC300102EA8 /* Build configuration list for PBXProject "burgershop-finder" */ = {
			isa = XCConfigurationList;
			buildConfigurations = (
				72AF5681216B5FC400102EA8 /* Debug */,
				72AF5682216B5FC400102EA8 /* Release */,
			);
			defaultConfigurationIsVisible = 0;
			defaultConfigurationName = Release;
		};
		72AF5683216B5FC400102EA8 /* Build configuration list for PBXNativeTarget "burgershop-finder" */ = {
			isa = XCConfigurationList;
			buildConfigurations = (
				72AF5684216B5FC400102EA8 /* Debug */,
				72AF5685216B5FC400102EA8 /* Release */,
			);
			defaultConfigurationIsVisible = 0;
			defaultConfigurationName = Release;
		};
/* End XCConfigurationList section */
	};
	rootObject = 72AF5669216B5FC300102EA8 /* Project object */;
}
