// !$*UTF8*$!
{
	archiveVersion = 1;
	classes = {
	};
	objectVersion = 50;
	objects = {

/* Begin PBXBuildFile section */
		7213F69821A76D2B003A591A /* FSOAuth.m in Sources */ = {isa = PBXBuildFile; fileRef = 7213F69721A76D2B003A591A /* FSOAuth.m */; };
		7213F69B21A7729F003A591A /* AuthManager.swift in Sources */ = {isa = PBXBuildFile; fileRef = 7213F69A21A7729F003A591A /* AuthManager.swift */; };
		724BCD09216E5E62002F526E /* Constants.swift in Sources */ = {isa = PBXBuildFile; fileRef = 724BCD08216E5E62002F526E /* Constants.swift */; };
		724BCD11216E7E7F002F526E /* Location.swift in Sources */ = {isa = PBXBuildFile; fileRef = 724BCD10216E7E7F002F526E /* Location.swift */; };
		72AF5675216B5FC300102EA8 /* AppDelegate.swift in Sources */ = {isa = PBXBuildFile; fileRef = 72AF5674216B5FC300102EA8 /* AppDelegate.swift */; };
		72AF5677216B5FC300102EA8 /* ViewController.swift in Sources */ = {isa = PBXBuildFile; fileRef = 72AF5676216B5FC300102EA8 /* ViewController.swift */; };
		72AF567A216B5FC300102EA8 /* Main.storyboard in Resources */ = {isa = PBXBuildFile; fileRef = 72AF5678216B5FC300102EA8 /* Main.storyboard */; };
		72AF567C216B5FC400102EA8 /* Assets.xcassets in Resources */ = {isa = PBXBuildFile; fileRef = 72AF567B216B5FC400102EA8 /* Assets.xcassets */; };
		72AF567F216B5FC400102EA8 /* LaunchScreen.storyboard in Resources */ = {isa = PBXBuildFile; fileRef = 72AF567D216B5FC400102EA8 /* LaunchScreen.storyboard */; };
		72AF5687216B635300102EA8 /* APIService.swift in Sources */ = {isa = PBXBuildFile; fileRef = 72AF5686216B635300102EA8 /* APIService.swift */; };
		72AF5689216B662F00102EA8 /* Endpoint.swift in Sources */ = {isa = PBXBuildFile; fileRef = 72AF5688216B662F00102EA8 /* Endpoint.swift */; };
		72D223092177B167003C04F6 /* Item.swift in Sources */ = {isa = PBXBuildFile; fileRef = 72D223082177B167003C04F6 /* Item.swift */; };
		72D2230D2177B1BD003C04F6 /* Group.swift in Sources */ = {isa = PBXBuildFile; fileRef = 72D2230C2177B1BD003C04F6 /* Group.swift */; };
		72D2230F2177B23D003C04F6 /* Photo.swift in Sources */ = {isa = PBXBuildFile; fileRef = 72D2230E2177B23D003C04F6 /* Photo.swift */; };
		72D223112177B325003C04F6 /* Details.swift in Sources */ = {isa = PBXBuildFile; fileRef = 72D223102177B325003C04F6 /* Details.swift */; };
		72D223132177B35D003C04F6 /* Response.swift in Sources */ = {isa = PBXBuildFile; fileRef = 72D223122177B35D003C04F6 /* Response.swift */; };
		72D223152177B370003C04F6 /* Venue.swift in Sources */ = {isa = PBXBuildFile; fileRef = 72D223142177B370003C04F6 /* Venue.swift */; };
		72D223192177B9D7003C04F6 /* Identifiers.swift in Sources */ = {isa = PBXBuildFile; fileRef = 72D223182177B9D7003C04F6 /* Identifiers.swift */; };
/* End PBXBuildFile section */

/* Begin PBXFileReference section */
		7213F69521A76D2A003A591A /* burgershop-finder-Bridging-Header.h */ = {isa = PBXFileReference; lastKnownFileType = sourcecode.c.h; path = "burgershop-finder-Bridging-Header.h"; sourceTree = "<group>"; };
		7213F69621A76D2B003A591A /* FSOAuth.h */ = {isa = PBXFileReference; fileEncoding = 4; lastKnownFileType = sourcecode.c.h; path = FSOAuth.h; sourceTree = "<group>"; };
		7213F69721A76D2B003A591A /* FSOAuth.m */ = {isa = PBXFileReference; fileEncoding = 4; lastKnownFileType = sourcecode.c.objc; path = FSOAuth.m; sourceTree = "<group>"; };
		7213F69A21A7729F003A591A /* AuthManager.swift */ = {isa = PBXFileReference; lastKnownFileType = sourcecode.swift; path = AuthManager.swift; sourceTree = "<group>"; };
		724BCD08216E5E62002F526E /* Constants.swift */ = {isa = PBXFileReference; lastKnownFileType = sourcecode.swift; path = Constants.swift; sourceTree = "<group>"; };
		724BCD10216E7E7F002F526E /* Location.swift */ = {isa = PBXFileReference; lastKnownFileType = sourcecode.swift; path = Location.swift; sourceTree = "<group>"; };
		72AF5671216B5FC300102EA8 /* burgershop-finder.app */ = {isa = PBXFileReference; explicitFileType = wrapper.application; includeInIndex = 0; path = "burgershop-finder.app"; sourceTree = BUILT_PRODUCTS_DIR; };
		72AF5674216B5FC300102EA8 /* AppDelegate.swift */ = {isa = PBXFileReference; lastKnownFileType = sourcecode.swift; path = AppDelegate.swift; sourceTree = "<group>"; };
		72AF5676216B5FC300102EA8 /* ViewController.swift */ = {isa = PBXFileReference; lastKnownFileType = sourcecode.swift; path = ViewController.swift; sourceTree = "<group>"; };
		72AF5679216B5FC300102EA8 /* Base */ = {isa = PBXFileReference; lastKnownFileType = file.storyboard; name = Base; path = Base.lproj/Main.storyboard; sourceTree = "<group>"; };
		72AF567B216B5FC400102EA8 /* Assets.xcassets */ = {isa = PBXFileReference; lastKnownFileType = folder.assetcatalog; path = Assets.xcassets; sourceTree = "<group>"; };
		72AF567E216B5FC400102EA8 /* Base */ = {isa = PBXFileReference; lastKnownFileType = file.storyboard; name = Base; path = Base.lproj/LaunchScreen.storyboard; sourceTree = "<group>"; };
		72AF5680216B5FC400102EA8 /* Info.plist */ = {isa = PBXFileReference; lastKnownFileType = text.plist.xml; path = Info.plist; sourceTree = "<group>"; };
		72AF5686216B635300102EA8 /* APIService.swift */ = {isa = PBXFileReference; lastKnownFileType = sourcecode.swift; path = APIService.swift; sourceTree = "<group>"; };
		72AF5688216B662F00102EA8 /* Endpoint.swift */ = {isa = PBXFileReference; lastKnownFileType = sourcecode.swift; path = Endpoint.swift; sourceTree = "<group>"; };
		72D223082177B167003C04F6 /* Item.swift */ = {isa = PBXFileReference; lastKnownFileType = sourcecode.swift; path = Item.swift; sourceTree = "<group>"; };
		72D2230C2177B1BD003C04F6 /* Group.swift */ = {isa = PBXFileReference; lastKnownFileType = sourcecode.swift; path = Group.swift; sourceTree = "<group>"; };
		72D2230E2177B23D003C04F6 /* Photo.swift */ = {isa = PBXFileReference; lastKnownFileType = sourcecode.swift; path = Photo.swift; sourceTree = "<group>"; };
		72D223102177B325003C04F6 /* Details.swift */ = {isa = PBXFileReference; lastKnownFileType = sourcecode.swift; path = Details.swift; sourceTree = "<group>"; };
		72D223122177B35D003C04F6 /* Response.swift */ = {isa = PBXFileReference; lastKnownFileType = sourcecode.swift; path = Response.swift; sourceTree = "<group>"; };
		72D223142177B370003C04F6 /* Venue.swift */ = {isa = PBXFileReference; lastKnownFileType = sourcecode.swift; name = Venue.swift; path = Details/Venue.swift; sourceTree = "<group>"; };
		72D223182177B9D7003C04F6 /* Identifiers.swift */ = {isa = PBXFileReference; lastKnownFileType = sourcecode.swift; path = Identifiers.swift; sourceTree = "<group>"; };
/* End PBXFileReference section */

/* Begin PBXFrameworksBuildPhase section */
		72AF566E216B5FC300102EA8 /* Frameworks */ = {
			isa = PBXFrameworksBuildPhase;
			buildActionMask = 2147483647;
			files = (
			);
			runOnlyForDeploymentPostprocessing = 0;
		};
/* End PBXFrameworksBuildPhase section */

/* Begin PBXGroup section */
		7213F69921A76D8A003A591A /* FSOAuth */ = {
			isa = PBXGroup;
			children = (
				7213F69721A76D2B003A591A /* FSOAuth.m */,
				7213F69621A76D2B003A591A /* FSOAuth.h */,
				7213F69521A76D2A003A591A /* burgershop-finder-Bridging-Header.h */,
			);
			path = FSOAuth;
			sourceTree = "<group>";
		};
		724BCD13216E7E93002F526E /* Model */ = {
			isa = PBXGroup;
			children = (
				72D223182177B9D7003C04F6 /* Identifiers.swift */,
				72D223102177B325003C04F6 /* Details.swift */,
				72D223122177B35D003C04F6 /* Response.swift */,
				72D223142177B370003C04F6 /* Venue.swift */,
				724BCD10216E7E7F002F526E /* Location.swift */,
				72D2230E2177B23D003C04F6 /* Photo.swift */,
				72D2230C2177B1BD003C04F6 /* Group.swift */,
				72D223082177B167003C04F6 /* Item.swift */,
			);
			path = Model;
			sourceTree = "<group>";
		};
		724BCD14216E7EB3002F526E /* Network */ = {
			isa = PBXGroup;
			children = (
				724BCD13216E7E93002F526E /* Model */,
				72AF5686216B635300102EA8 /* APIService.swift */,
				72AF5688216B662F00102EA8 /* Endpoint.swift */,
			);
			path = Network;
			sourceTree = "<group>";
		};
		72AF5668216B5FC300102EA8 = {
			isa = PBXGroup;
			children = (
				72AF5673216B5FC300102EA8 /* burgershop-finder */,
				72AF5672216B5FC300102EA8 /* Products */,
			);
			sourceTree = "<group>";
		};
		72AF5672216B5FC300102EA8 /* Products */ = {
			isa = PBXGroup;
			children = (
				72AF5671216B5FC300102EA8 /* burgershop-finder.app */,
			);
			name = Products;
			sourceTree = "<group>";
		};
		72AF5673216B5FC300102EA8 /* burgershop-finder */ = {
			isa = PBXGroup;
			children = (
				7213F69921A76D8A003A591A /* FSOAuth */,
				724BCD14216E7EB3002F526E /* Network */,
				72AF5674216B5FC300102EA8 /* AppDelegate.swift */,
				72AF5676216B5FC300102EA8 /* ViewController.swift */,
				724BCD08216E5E62002F526E /* Constants.swift */,
				72AF5678216B5FC300102EA8 /* Main.storyboard */,
				72AF567B216B5FC400102EA8 /* Assets.xcassets */,
				72AF567D216B5FC400102EA8 /* LaunchScreen.storyboard */,
				72AF5680216B5FC400102EA8 /* Info.plist */,
				7213F69A21A7729F003A591A /* AuthManager.swift */,
			);
			path = "burgershop-finder";
			sourceTree = "<group>";
		};
/* End PBXGroup section */

/* Begin PBXNativeTarget section */
		72AF5670216B5FC300102EA8 /* burgershop-finder */ = {
			isa = PBXNativeTarget;
			buildConfigurationList = 72AF5683216B5FC400102EA8 /* Build configuration list for PBXNativeTarget "burgershop-finder" */;
			buildPhases = (
				72AF566D216B5FC300102EA8 /* Sources */,
				72AF566E216B5FC300102EA8 /* Frameworks */,
				72AF566F216B5FC300102EA8 /* Resources */,
			);
			buildRules = (
			);
			dependencies = (
			);
			name = "burgershop-finder";
			productName = "burgershop-finder";
			productReference = 72AF5671216B5FC300102EA8 /* burgershop-finder.app */;
			productType = "com.apple.product-type.application";
		};
/* End PBXNativeTarget section */

/* Begin PBXProject section */
		72AF5669216B5FC300102EA8 /* Project object */ = {
			isa = PBXProject;
			attributes = {
				LastSwiftUpdateCheck = 1000;
				LastUpgradeCheck = 1000;
				ORGANIZATIONNAME = esesmuedgars;
				TargetAttributes = {
					72AF5670216B5FC300102EA8 = {
						CreatedOnToolsVersion = 10.0;
						LastSwiftMigration = 1010;
					};
				};
			};
			buildConfigurationList = 72AF566C216B5FC300102EA8 /* Build configuration list for PBXProject "burgershop-finder" */;
			compatibilityVersion = "Xcode 9.3";
			developmentRegion = en;
			hasScannedForEncodings = 0;
			knownRegions = (
				en,
				Base,
			);
			mainGroup = 72AF5668216B5FC300102EA8;
			productRefGroup = 72AF5672216B5FC300102EA8 /* Products */;
			projectDirPath = "";
			projectRoot = "";
			targets = (
				72AF5670216B5FC300102EA8 /* burgershop-finder */,
			);
		};
/* End PBXProject section */

/* Begin PBXResourcesBuildPhase section */
		72AF566F216B5FC300102EA8 /* Resources */ = {
			isa = PBXResourcesBuildPhase;
			buildActionMask = 2147483647;
			files = (
				72AF567F216B5FC400102EA8 /* LaunchScreen.storyboard in Resources */,
				72AF567C216B5FC400102EA8 /* Assets.xcassets in Resources */,
				72AF567A216B5FC300102EA8 /* Main.storyboard in Resources */,
			);
			runOnlyForDeploymentPostprocessing = 0;
		};
/* End PBXResourcesBuildPhase section */

/* Begin PBXSourcesBuildPhase section */
		72AF566D216B5FC300102EA8 /* Sources */ = {
			isa = PBXSourcesBuildPhase;
			buildActionMask = 2147483647;
			files = (
				72AF5677216B5FC300102EA8 /* ViewController.swift in Sources */,
				72D223112177B325003C04F6 /* Details.swift in Sources */,
				72D2230D2177B1BD003C04F6 /* Group.swift in Sources */,
				72D223192177B9D7003C04F6 /* Identifiers.swift in Sources */,
				7213F69B21A7729F003A591A /* AuthManager.swift in Sources */,
				724BCD11216E7E7F002F526E /* Location.swift in Sources */,
				72AF5687216B635300102EA8 /* APIService.swift in Sources */,
				72D223132177B35D003C04F6 /* Response.swift in Sources */,
				72AF5689216B662F00102EA8 /* Endpoint.swift in Sources */,
				72D2230F2177B23D003C04F6 /* Photo.swift in Sources */,
				72D223092177B167003C04F6 /* Item.swift in Sources */,
				72AF5675216B5FC300102EA8 /* AppDelegate.swift in Sources */,
				72D223152177B370003C04F6 /* Venue.swift in Sources */,
				7213F69821A76D2B003A591A /* FSOAuth.m in Sources */,
				724BCD09216E5E62002F526E /* Constants.swift in Sources */,
			);
			runOnlyForDeploymentPostprocessing = 0;
		};
/* End PBXSourcesBuildPhase section */

/* Begin PBXVariantGroup section */
		72AF5678216B5FC300102EA8 /* Main.storyboard */ = {
			isa = PBXVariantGroup;
			children = (
				72AF5679216B5FC300102EA8 /* Base */,
			);
			name = Main.storyboard;
			sourceTree = "<group>";
		};
		72AF567D216B5FC400102EA8 /* LaunchScreen.storyboard */ = {
			isa = PBXVariantGroup;
			children = (
				72AF567E216B5FC400102EA8 /* Base */,
			);
			name = LaunchScreen.storyboard;
			sourceTree = "<group>";
		};
/* End PBXVariantGroup section */

/* Begin XCBuildConfiguration section */
		72AF5681216B5FC400102EA8 /* Debug */ = {
			isa = XCBuildConfiguration;
			buildSettings = {
				ALWAYS_SEARCH_USER_PATHS = NO;
				CLANG_ANALYZER_NONNULL = YES;
				CLANG_ANALYZER_NUMBER_OBJECT_CONVERSION = YES_AGGRESSIVE;
				CLANG_CXX_LANGUAGE_STANDARD = "gnu++14";
				CLANG_CXX_LIBRARY = "libc++";
				CLANG_ENABLE_MODULES = YES;
				CLANG_ENABLE_OBJC_ARC = YES;
				CLANG_ENABLE_OBJC_WEAK = YES;
				CLANG_WARN_BLOCK_CAPTURE_AUTORELEASING = YES;
				CLANG_WARN_BOOL_CONVERSION = YES;
				CLANG_WARN_COMMA = YES;
				CLANG_WARN_CONSTANT_CONVERSION = YES;
				CLANG_WARN_DEPRECATED_OBJC_IMPLEMENTATIONS = YES;
				CLANG_WARN_DIRECT_OBJC_ISA_USAGE = YES_ERROR;
				CLANG_WARN_DOCUMENTATION_COMMENTS = YES;
				CLANG_WARN_EMPTY_BODY = YES;
				CLANG_WARN_ENUM_CONVERSION = YES;
				CLANG_WARN_INFINITE_RECURSION = YES;
				CLANG_WARN_INT_CONVERSION = YES;
				CLANG_WARN_NON_LITERAL_NULL_CONVERSION = YES;
				CLANG_WARN_OBJC_IMPLICIT_RETAIN_SELF = YES;
				CLANG_WARN_OBJC_LITERAL_CONVERSION = YES;
				CLANG_WARN_OBJC_ROOT_CLASS = YES_ERROR;
				CLANG_WARN_RANGE_LOOP_ANALYSIS = YES;
				CLANG_WARN_STRICT_PROTOTYPES = YES;
				CLANG_WARN_SUSPICIOUS_MOVE = YES;
				CLANG_WARN_UNGUARDED_AVAILABILITY = YES_AGGRESSIVE;
				CLANG_WARN_UNREACHABLE_CODE = YES;
				CLANG_WARN__DUPLICATE_METHOD_MATCH = YES;
				CODE_SIGN_IDENTITY = "iPhone Developer";
				COPY_PHASE_STRIP = NO;
				DEBUG_INFORMATION_FORMAT = dwarf;
				ENABLE_STRICT_OBJC_MSGSEND = YES;
				ENABLE_TESTABILITY = YES;
				GCC_C_LANGUAGE_STANDARD = gnu11;
				GCC_DYNAMIC_NO_PIC = NO;
				GCC_NO_COMMON_BLOCKS = YES;
				GCC_OPTIMIZATION_LEVEL = 0;
				GCC_PREPROCESSOR_DEFINITIONS = (
					"DEBUG=1",
					"$(inherited)",
				);
				GCC_WARN_64_TO_32_BIT_CONVERSION = YES;
				GCC_WARN_ABOUT_RETURN_TYPE = YES_ERROR;
				GCC_WARN_UNDECLARED_SELECTOR = YES;
				GCC_WARN_UNINITIALIZED_AUTOS = YES_AGGRESSIVE;
				GCC_WARN_UNUSED_FUNCTION = YES;
				GCC_WARN_UNUSED_VARIABLE = YES;
				IPHONEOS_DEPLOYMENT_TARGET = 12.0;
				MTL_ENABLE_DEBUG_INFO = INCLUDE_SOURCE;
				MTL_FAST_MATH = YES;
				ONLY_ACTIVE_ARCH = YES;
				SDKROOT = iphoneos;
				SWIFT_ACTIVE_COMPILATION_CONDITIONS = DEBUG;
				SWIFT_OPTIMIZATION_LEVEL = "-Onone";
			};
			name = Debug;
		};
		72AF5682216B5FC400102EA8 /* Release */ = {
			isa = XCBuildConfiguration;
			buildSettings = {
				ALWAYS_SEARCH_USER_PATHS = NO;
				CLANG_ANALYZER_NONNULL = YES;
				CLANG_ANALYZER_NUMBER_OBJECT_CONVERSION = YES_AGGRESSIVE;
				CLANG_CXX_LANGUAGE_STANDARD = "gnu++14";
				CLANG_CXX_LIBRARY = "libc++";
				CLANG_ENABLE_MODULES = YES;
				CLANG_ENABLE_OBJC_ARC = YES;
				CLANG_ENABLE_OBJC_WEAK = YES;
				CLANG_WARN_BLOCK_CAPTURE_AUTORELEASING = YES;
				CLANG_WARN_BOOL_CONVERSION = YES;
				CLANG_WARN_COMMA = YES;
				CLANG_WARN_CONSTANT_CONVERSION = YES;
				CLANG_WARN_DEPRECATED_OBJC_IMPLEMENTATIONS = YES;
				CLANG_WARN_DIRECT_OBJC_ISA_USAGE = YES_ERROR;
				CLANG_WARN_DOCUMENTATION_COMMENTS = YES;
				CLANG_WARN_EMPTY_BODY = YES;
				CLANG_WARN_ENUM_CONVERSION = YES;
				CLANG_WARN_INFINITE_RECURSION = YES;
				CLANG_WARN_INT_CONVERSION = YES;
				CLANG_WARN_NON_LITERAL_NULL_CONVERSION = YES;
				CLANG_WARN_OBJC_IMPLICIT_RETAIN_SELF = YES;
				CLANG_WARN_OBJC_LITERAL_CONVERSION = YES;
				CLANG_WARN_OBJC_ROOT_CLASS = YES_ERROR;
				CLANG_WARN_RANGE_LOOP_ANALYSIS = YES;
				CLANG_WARN_STRICT_PROTOTYPES = YES;
				CLANG_WARN_SUSPICIOUS_MOVE = YES;
				CLANG_WARN_UNGUARDED_AVAILABILITY = YES_AGGRESSIVE;
				CLANG_WARN_UNREACHABLE_CODE = YES;
				CLANG_WARN__DUPLICATE_METHOD_MATCH = YES;
				CODE_SIGN_IDENTITY = "iPhone Developer";
				COPY_PHASE_STRIP = NO;
				DEBUG_INFORMATION_FORMAT = "dwarf-with-dsym";
				ENABLE_NS_ASSERTIONS = NO;
				ENABLE_STRICT_OBJC_MSGSEND = YES;
				GCC_C_LANGUAGE_STANDARD = gnu11;
				GCC_NO_COMMON_BLOCKS = YES;
				GCC_WARN_64_TO_32_BIT_CONVERSION = YES;
				GCC_WARN_ABOUT_RETURN_TYPE = YES_ERROR;
				GCC_WARN_UNDECLARED_SELECTOR = YES;
				GCC_WARN_UNINITIALIZED_AUTOS = YES_AGGRESSIVE;
				GCC_WARN_UNUSED_FUNCTION = YES;
				GCC_WARN_UNUSED_VARIABLE = YES;
				IPHONEOS_DEPLOYMENT_TARGET = 12.0;
				MTL_ENABLE_DEBUG_INFO = NO;
				MTL_FAST_MATH = YES;
				SDKROOT = iphoneos;
				SWIFT_COMPILATION_MODE = wholemodule;
				SWIFT_OPTIMIZATION_LEVEL = "-O";
				VALIDATE_PRODUCT = YES;
			};
			name = Release;
		};
		72AF5684216B5FC400102EA8 /* Debug */ = {
			isa = XCBuildConfiguration;
			buildSettings = {
				ASSETCATALOG_COMPILER_APPICON_NAME = AppIcon;
				CLANG_ENABLE_MODULES = YES;
				CODE_SIGN_STYLE = Automatic;
				DEVELOPMENT_TEAM = RB8S8SFW6F;
				INFOPLIST_FILE = "burgershop-finder/Info.plist";
				LD_RUNPATH_SEARCH_PATHS = (
					"$(inherited)",
					"@executable_path/Frameworks",
				);
				PRODUCT_BUNDLE_IDENTIFIER = "app.esesmuedgars.burgershop-finder";
				PRODUCT_NAME = "$(TARGET_NAME)";
				SWIFT_OBJC_BRIDGING_HEADER = "burgershop-finder/FSOAuth/burgershop-finder-Bridging-Header.h";
				SWIFT_OPTIMIZATION_LEVEL = "-Onone";
				SWIFT_VERSION = 4.2;
				TARGETED_DEVICE_FAMILY = "1,2";
			};
			name = Debug;
		};
		72AF5685216B5FC400102EA8 /* Release */ = {
			isa = XCBuildConfiguration;
			buildSettings = {
				ASSETCATALOG_COMPILER_APPICON_NAME = AppIcon;
				CLANG_ENABLE_MODULES = YES;
				CODE_SIGN_STYLE = Automatic;
				DEVELOPMENT_TEAM = RB8S8SFW6F;
				INFOPLIST_FILE = "burgershop-finder/Info.plist";
				LD_RUNPATH_SEARCH_PATHS = (
					"$(inherited)",
					"@executable_path/Frameworks",
				);
				PRODUCT_BUNDLE_IDENTIFIER = "app.esesmuedgars.burgershop-finder";
				PRODUCT_NAME = "$(TARGET_NAME)";
				SWIFT_OBJC_BRIDGING_HEADER = "burgershop-finder/FSOAuth/burgershop-finder-Bridging-Header.h";
				SWIFT_VERSION = 4.2;
				TARGETED_DEVICE_FAMILY = "1,2";
			};
			name = Release;
		};
/* End XCBuildConfiguration section */

/* Begin XCConfigurationList section */
		72AF566C216B5FC300102EA8 /* Build configuration list for PBXProject "burgershop-finder" */ = {
			isa = XCConfigurationList;
			buildConfigurations = (
				72AF5681216B5FC400102EA8 /* Debug */,
				72AF5682216B5FC400102EA8 /* Release */,
			);
			defaultConfigurationIsVisible = 0;
			defaultConfigurationName = Release;
		};
		72AF5683216B5FC400102EA8 /* Build configuration list for PBXNativeTarget "burgershop-finder" */ = {
			isa = XCConfigurationList;
			buildConfigurations = (
				72AF5684216B5FC400102EA8 /* Debug */,
				72AF5685216B5FC400102EA8 /* Release */,
			);
			defaultConfigurationIsVisible = 0;
			defaultConfigurationName = Release;
		};
/* End XCConfigurationList section */
	};
	rootObject = 72AF5669216B5FC300102EA8 /* Project object */;
}
